github.com/golang/protobuf v1.3.2 h1:6nsPYzhq5kReh6QImI3k5qWzO4PEbvbIW2cwSfR/6xs=
github.com/golang/protobuf v1.3.2/go.mod h1:6lQm79b+lXiMfvg/cZm0SGofjICqVBUtrP5yJMmIC1U=
github.com/seaiiok/gcom v0.0.0-20190802151859-e787b30952f2 h1:UDMQhA07p2EcELkjKUGo2arMr/xijIZuDE85Fjv5M00=
github.com/seaiiok/gcom v0.0.0-20190802151859-e787b30952f2/go.mod h1:CidD6RoqOXLYEVBjhfbJAXnPOgTu2o85V7yF9K0ZDj0=
